// !$*UTF8*$!
{
	archiveVersion = 1;
	classes = {
	};
	objectVersion = 50;
	objects = {

/* Begin PBXBuildFile section */
		91A4EECA25FEC91F00D6E509 /* AnimalListItemView.swift in Sources */ = {isa = PBXBuildFile; fileRef = 91A4EEC925FEC91F00D6E509 /* AnimalListItemView.swift */; };
		91A4EECD25FECBCE00D6E509 /* AnimalModel.swift in Sources */ = {isa = PBXBuildFile; fileRef = 91A4EECC25FECBCE00D6E509 /* AnimalModel.swift */; };
		91A4EED025FED13500D6E509 /* AnimalDetailView.swift in Sources */ = {isa = PBXBuildFile; fileRef = 91A4EECF25FED13500D6E509 /* AnimalDetailView.swift */; };
		91A4EED325FED65900D6E509 /* HeadingView.swift in Sources */ = {isa = PBXBuildFile; fileRef = 91A4EED225FED65900D6E509 /* HeadingView.swift */; };
		91A4EED625FEDAE100D6E509 /* InsetGalleryView.swift in Sources */ = {isa = PBXBuildFile; fileRef = 91A4EED525FEDAE100D6E509 /* InsetGalleryView.swift */; };
		91A4EED925FEDED500D6E509 /* InsetFactView.swift in Sources */ = {isa = PBXBuildFile; fileRef = 91A4EED825FEDED500D6E509 /* InsetFactView.swift */; };
		91A4EEDC25FEE28200D6E509 /* InsetMapView.swift in Sources */ = {isa = PBXBuildFile; fileRef = 91A4EEDB25FEE28200D6E509 /* InsetMapView.swift */; };
		91A4EEDF25FEE68E00D6E509 /* ExternalWebLinkView.swift in Sources */ = {isa = PBXBuildFile; fileRef = 91A4EEDE25FEE68E00D6E509 /* ExternalWebLinkView.swift */; };
		91FCAADA25FDB29C00B7151A /* AfricaApp.swift in Sources */ = {isa = PBXBuildFile; fileRef = 91FCAAD925FDB29C00B7151A /* AfricaApp.swift */; };
		91FCAADC25FDB29C00B7151A /* ContentView.swift in Sources */ = {isa = PBXBuildFile; fileRef = 91FCAADB25FDB29C00B7151A /* ContentView.swift */; };
		91FCAADE25FDB29F00B7151A /* Assets.xcassets in Resources */ = {isa = PBXBuildFile; fileRef = 91FCAADD25FDB29F00B7151A /* Assets.xcassets */; };
		91FCAAE125FDB29F00B7151A /* Preview Assets.xcassets in Resources */ = {isa = PBXBuildFile; fileRef = 91FCAAE025FDB29F00B7151A /* Preview Assets.xcassets */; };
		91FCAB2725FE490100B7151A /* elephant.mp4 in Resources */ = {isa = PBXBuildFile; fileRef = 91FCAB1D25FE48FD00B7151A /* elephant.mp4 */; };
		91FCAB2825FE490100B7151A /* hippo.mp4 in Resources */ = {isa = PBXBuildFile; fileRef = 91FCAB1E25FE48FE00B7151A /* hippo.mp4 */; };
		91FCAB2925FE490100B7151A /* lioness.mp4 in Resources */ = {isa = PBXBuildFile; fileRef = 91FCAB1F25FE48FE00B7151A /* lioness.mp4 */; };
		91FCAB2A25FE490100B7151A /* ostrich.mp4 in Resources */ = {isa = PBXBuildFile; fileRef = 91FCAB2025FE48FF00B7151A /* ostrich.mp4 */; };
		91FCAB2B25FE490100B7151A /* cheetah.mp4 in Resources */ = {isa = PBXBuildFile; fileRef = 91FCAB2125FE48FF00B7151A /* cheetah.mp4 */; };
		91FCAB2C25FE490100B7151A /* lion.mp4 in Resources */ = {isa = PBXBuildFile; fileRef = 91FCAB2225FE48FF00B7151A /* lion.mp4 */; };
		91FCAB2D25FE490100B7151A /* gorilla.mp4 in Resources */ = {isa = PBXBuildFile; fileRef = 91FCAB2325FE490000B7151A /* gorilla.mp4 */; };
		91FCAB2E25FE490100B7151A /* rhino.mp4 in Resources */ = {isa = PBXBuildFile; fileRef = 91FCAB2425FE490000B7151A /* rhino.mp4 */; };
		91FCAB2F25FE490100B7151A /* giraffe.mp4 in Resources */ = {isa = PBXBuildFile; fileRef = 91FCAB2525FE490000B7151A /* giraffe.mp4 */; };
		91FCAB3025FE490100B7151A /* zebra.mp4 in Resources */ = {isa = PBXBuildFile; fileRef = 91FCAB2625FE490100B7151A /* zebra.mp4 */; };
		91FCAB3725FE497700B7151A /* animals.json in Resources */ = {isa = PBXBuildFile; fileRef = 91FCAB3325FE497700B7151A /* animals.json */; };
		91FCAB3825FE497700B7151A /* covers.json in Resources */ = {isa = PBXBuildFile; fileRef = 91FCAB3425FE497700B7151A /* covers.json */; };
		91FCAB3925FE497700B7151A /* locations.json in Resources */ = {isa = PBXBuildFile; fileRef = 91FCAB3525FE497700B7151A /* locations.json */; };
		91FCAB3A25FE497700B7151A /* videos.json in Resources */ = {isa = PBXBuildFile; fileRef = 91FCAB3625FE497700B7151A /* videos.json */; };
		91FCAB3E25FE4B1D00B7151A /* VideoListView.swift in Sources */ = {isa = PBXBuildFile; fileRef = 91FCAB3D25FE4B1D00B7151A /* VideoListView.swift */; };
		91FCAB4225FE4B3A00B7151A /* MapView.swift in Sources */ = {isa = PBXBuildFile; fileRef = 91FCAB4125FE4B3A00B7151A /* MapView.swift */; };
		91FCAB4525FE4B5100B7151A /* GalleryView.swift in Sources */ = {isa = PBXBuildFile; fileRef = 91FCAB4425FE4B5100B7151A /* GalleryView.swift */; };
		91FCAB4825FE4B7A00B7151A /* MainView.swift in Sources */ = {isa = PBXBuildFile; fileRef = 91FCAB4725FE4B7A00B7151A /* MainView.swift */; };
		91FCAB5025FEA0AE00B7151A /* CoverImageView.swift in Sources */ = {isa = PBXBuildFile; fileRef = 91FCAB4F25FEA0AE00B7151A /* CoverImageView.swift */; };
		91FCAB5425FEC1AF00B7151A /* CoverImageModel.swift in Sources */ = {isa = PBXBuildFile; fileRef = 91FCAB5325FEC1AF00B7151A /* CoverImageModel.swift */; };
		91FCAB5825FEC30C00B7151A /* CodableBundleExtension.swift in Sources */ = {isa = PBXBuildFile; fileRef = 91FCAB5725FEC30C00B7151A /* CodableBundleExtension.swift */; };
/* End PBXBuildFile section */

/* Begin PBXFileReference section */
		91A4EEC925FEC91F00D6E509 /* AnimalListItemView.swift */ = {isa = PBXFileReference; lastKnownFileType = sourcecode.swift; path = AnimalListItemView.swift; sourceTree = "<group>"; };
		91A4EECC25FECBCE00D6E509 /* AnimalModel.swift */ = {isa = PBXFileReference; lastKnownFileType = sourcecode.swift; path = AnimalModel.swift; sourceTree = "<group>"; };
		91A4EECF25FED13500D6E509 /* AnimalDetailView.swift */ = {isa = PBXFileReference; lastKnownFileType = sourcecode.swift; path = AnimalDetailView.swift; sourceTree = "<group>"; };
		91A4EED225FED65900D6E509 /* HeadingView.swift */ = {isa = PBXFileReference; lastKnownFileType = sourcecode.swift; path = HeadingView.swift; sourceTree = "<group>"; };
		91A4EED525FEDAE100D6E509 /* InsetGalleryView.swift */ = {isa = PBXFileReference; lastKnownFileType = sourcecode.swift; path = InsetGalleryView.swift; sourceTree = "<group>"; };
		91A4EED825FEDED500D6E509 /* InsetFactView.swift */ = {isa = PBXFileReference; lastKnownFileType = sourcecode.swift; path = InsetFactView.swift; sourceTree = "<group>"; };
		91A4EEDB25FEE28200D6E509 /* InsetMapView.swift */ = {isa = PBXFileReference; lastKnownFileType = sourcecode.swift; path = InsetMapView.swift; sourceTree = "<group>"; };
		91A4EEDE25FEE68E00D6E509 /* ExternalWebLinkView.swift */ = {isa = PBXFileReference; lastKnownFileType = sourcecode.swift; path = ExternalWebLinkView.swift; sourceTree = "<group>"; };
		91FCAAD625FDB29C00B7151A /* Africa.app */ = {isa = PBXFileReference; explicitFileType = wrapper.application; includeInIndex = 0; path = Africa.app; sourceTree = BUILT_PRODUCTS_DIR; };
		91FCAAD925FDB29C00B7151A /* AfricaApp.swift */ = {isa = PBXFileReference; lastKnownFileType = sourcecode.swift; path = AfricaApp.swift; sourceTree = "<group>"; };
		91FCAADB25FDB29C00B7151A /* ContentView.swift */ = {isa = PBXFileReference; lastKnownFileType = sourcecode.swift; path = ContentView.swift; sourceTree = "<group>"; };
		91FCAADD25FDB29F00B7151A /* Assets.xcassets */ = {isa = PBXFileReference; lastKnownFileType = folder.assetcatalog; path = Assets.xcassets; sourceTree = "<group>"; };
		91FCAAE025FDB29F00B7151A /* Preview Assets.xcassets */ = {isa = PBXFileReference; lastKnownFileType = folder.assetcatalog; path = "Preview Assets.xcassets"; sourceTree = "<group>"; };
		91FCAAE225FDB29F00B7151A /* Info.plist */ = {isa = PBXFileReference; lastKnownFileType = text.plist.xml; path = Info.plist; sourceTree = "<group>"; };
		91FCAB1D25FE48FD00B7151A /* elephant.mp4 */ = {isa = PBXFileReference; lastKnownFileType = file; path = elephant.mp4; sourceTree = "<group>"; };
		91FCAB1E25FE48FE00B7151A /* hippo.mp4 */ = {isa = PBXFileReference; lastKnownFileType = file; path = hippo.mp4; sourceTree = "<group>"; };
		91FCAB1F25FE48FE00B7151A /* lioness.mp4 */ = {isa = PBXFileReference; lastKnownFileType = file; path = lioness.mp4; sourceTree = "<group>"; };
		91FCAB2025FE48FF00B7151A /* ostrich.mp4 */ = {isa = PBXFileReference; lastKnownFileType = file; path = ostrich.mp4; sourceTree = "<group>"; };
		91FCAB2125FE48FF00B7151A /* cheetah.mp4 */ = {isa = PBXFileReference; lastKnownFileType = file; path = cheetah.mp4; sourceTree = "<group>"; };
		91FCAB2225FE48FF00B7151A /* lion.mp4 */ = {isa = PBXFileReference; lastKnownFileType = file; path = lion.mp4; sourceTree = "<group>"; };
		91FCAB2325FE490000B7151A /* gorilla.mp4 */ = {isa = PBXFileReference; lastKnownFileType = file; path = gorilla.mp4; sourceTree = "<group>"; };
		91FCAB2425FE490000B7151A /* rhino.mp4 */ = {isa = PBXFileReference; lastKnownFileType = file; path = rhino.mp4; sourceTree = "<group>"; };
		91FCAB2525FE490000B7151A /* giraffe.mp4 */ = {isa = PBXFileReference; lastKnownFileType = file; path = giraffe.mp4; sourceTree = "<group>"; };
		91FCAB2625FE490100B7151A /* zebra.mp4 */ = {isa = PBXFileReference; lastKnownFileType = file; path = zebra.mp4; sourceTree = "<group>"; };
		91FCAB3325FE497700B7151A /* animals.json */ = {isa = PBXFileReference; fileEncoding = 4; lastKnownFileType = text.json; path = animals.json; sourceTree = "<group>"; };
		91FCAB3425FE497700B7151A /* covers.json */ = {isa = PBXFileReference; fileEncoding = 4; lastKnownFileType = text.json; path = covers.json; sourceTree = "<group>"; };
		91FCAB3525FE497700B7151A /* locations.json */ = {isa = PBXFileReference; fileEncoding = 4; lastKnownFileType = text.json; path = locations.json; sourceTree = "<group>"; };
		91FCAB3625FE497700B7151A /* videos.json */ = {isa = PBXFileReference; fileEncoding = 4; lastKnownFileType = text.json; path = videos.json; sourceTree = "<group>"; };
		91FCAB3D25FE4B1D00B7151A /* VideoListView.swift */ = {isa = PBXFileReference; lastKnownFileType = sourcecode.swift; path = VideoListView.swift; sourceTree = "<group>"; };
		91FCAB4125FE4B3A00B7151A /* MapView.swift */ = {isa = PBXFileReference; lastKnownFileType = sourcecode.swift; path = MapView.swift; sourceTree = "<group>"; };
		91FCAB4425FE4B5100B7151A /* GalleryView.swift */ = {isa = PBXFileReference; lastKnownFileType = sourcecode.swift; path = GalleryView.swift; sourceTree = "<group>"; };
		91FCAB4725FE4B7A00B7151A /* MainView.swift */ = {isa = PBXFileReference; lastKnownFileType = sourcecode.swift; path = MainView.swift; sourceTree = "<group>"; };
		91FCAB4F25FEA0AE00B7151A /* CoverImageView.swift */ = {isa = PBXFileReference; lastKnownFileType = sourcecode.swift; path = CoverImageView.swift; sourceTree = "<group>"; };
		91FCAB5325FEC1AF00B7151A /* CoverImageModel.swift */ = {isa = PBXFileReference; lastKnownFileType = sourcecode.swift; path = CoverImageModel.swift; sourceTree = "<group>"; };
		91FCAB5725FEC30C00B7151A /* CodableBundleExtension.swift */ = {isa = PBXFileReference; lastKnownFileType = sourcecode.swift; path = CodableBundleExtension.swift; sourceTree = "<group>"; };
/* End PBXFileReference section */

/* Begin PBXFrameworksBuildPhase section */
		91FCAAD325FDB29C00B7151A /* Frameworks */ = {
			isa = PBXFrameworksBuildPhase;
			buildActionMask = 2147483647;
			files = (
			);
			runOnlyForDeploymentPostprocessing = 0;
		};
/* End PBXFrameworksBuildPhase section */

/* Begin PBXGroup section */
		91FCAACD25FDB29C00B7151A = {
			isa = PBXGroup;
			children = (
				91FCAAD825FDB29C00B7151A /* Africa */,
				91FCAAD725FDB29C00B7151A /* Products */,
			);
			sourceTree = "<group>";
		};
		91FCAAD725FDB29C00B7151A /* Products */ = {
			isa = PBXGroup;
			children = (
				91FCAAD625FDB29C00B7151A /* Africa.app */,
			);
			name = Products;
			sourceTree = "<group>";
		};
		91FCAAD825FDB29C00B7151A /* Africa */ = {
			isa = PBXGroup;
			children = (
				91FCAB5625FEC2DC00B7151A /* Extension */,
				91FCAB5225FEC17400B7151A /* Model */,
				91FCAB4A25FEA06100B7151A /* View */,
				91FCAB3225FE496500B7151A /* Data */,
				91FCAB1C25FE48DA00B7151A /* Video */,
				91FCAB3C25FE4AA500B7151A /* App */,
				91FCAADD25FDB29F00B7151A /* Assets.xcassets */,
				91FCAAE225FDB29F00B7151A /* Info.plist */,
				91FCAADF25FDB29F00B7151A /* Preview Content */,
			);
			path = Africa;
			sourceTree = "<group>";
		};
		91FCAADF25FDB29F00B7151A /* Preview Content */ = {
			isa = PBXGroup;
			children = (
				91FCAAE025FDB29F00B7151A /* Preview Assets.xcassets */,
			);
			path = "Preview Content";
			sourceTree = "<group>";
		};
		91FCAB1C25FE48DA00B7151A /* Video */ = {
			isa = PBXGroup;
			children = (
				91FCAB2125FE48FF00B7151A /* cheetah.mp4 */,
				91FCAB1D25FE48FD00B7151A /* elephant.mp4 */,
				91FCAB2525FE490000B7151A /* giraffe.mp4 */,
				91FCAB2325FE490000B7151A /* gorilla.mp4 */,
				91FCAB1E25FE48FE00B7151A /* hippo.mp4 */,
				91FCAB2225FE48FF00B7151A /* lion.mp4 */,
				91FCAB1F25FE48FE00B7151A /* lioness.mp4 */,
				91FCAB2025FE48FF00B7151A /* ostrich.mp4 */,
				91FCAB2425FE490000B7151A /* rhino.mp4 */,
				91FCAB2625FE490100B7151A /* zebra.mp4 */,
			);
			path = Video;
			sourceTree = "<group>";
		};
		91FCAB3225FE496500B7151A /* Data */ = {
			isa = PBXGroup;
			children = (
				91FCAB3325FE497700B7151A /* animals.json */,
				91FCAB3425FE497700B7151A /* covers.json */,
				91FCAB3525FE497700B7151A /* locations.json */,
				91FCAB3625FE497700B7151A /* videos.json */,
			);
			path = Data;
			sourceTree = "<group>";
		};
		91FCAB3C25FE4AA500B7151A /* App */ = {
			isa = PBXGroup;
			children = (
				91FCAAD925FDB29C00B7151A /* AfricaApp.swift */,
				91FCAADB25FDB29C00B7151A /* ContentView.swift */,
				91FCAB3D25FE4B1D00B7151A /* VideoListView.swift */,
				91FCAB4125FE4B3A00B7151A /* MapView.swift */,
				91FCAB4425FE4B5100B7151A /* GalleryView.swift */,
				91FCAB4725FE4B7A00B7151A /* MainView.swift */,
			);
			path = App;
			sourceTree = "<group>";
		};
		91FCAB4A25FEA06100B7151A /* View */ = {
			isa = PBXGroup;
			children = (
				91FCAB4F25FEA0AE00B7151A /* CoverImageView.swift */,
				91A4EEC925FEC91F00D6E509 /* AnimalListItemView.swift */,
				91A4EECF25FED13500D6E509 /* AnimalDetailView.swift */,
				91A4EED225FED65900D6E509 /* HeadingView.swift */,
				91A4EED525FEDAE100D6E509 /* InsetGalleryView.swift */,
				91A4EED825FEDED500D6E509 /* InsetFactView.swift */,
				91A4EEDB25FEE28200D6E509 /* InsetMapView.swift */,
				91A4EEDE25FEE68E00D6E509 /* ExternalWebLinkView.swift */,
			);
			path = View;
			sourceTree = "<group>";
		};
		91FCAB5225FEC17400B7151A /* Model */ = {
			isa = PBXGroup;
			children = (
				91FCAB5325FEC1AF00B7151A /* CoverImageModel.swift */,
				91A4EECC25FECBCE00D6E509 /* AnimalModel.swift */,
			);
			path = Model;
			sourceTree = "<group>";
		};
		91FCAB5625FEC2DC00B7151A /* Extension */ = {
			isa = PBXGroup;
			children = (
				91FCAB5725FEC30C00B7151A /* CodableBundleExtension.swift */,
			);
			path = Extension;
			sourceTree = "<group>";
		};
/* End PBXGroup section */

/* Begin PBXNativeTarget section */
		91FCAAD525FDB29C00B7151A /* Africa */ = {
			isa = PBXNativeTarget;
			buildConfigurationList = 91FCAAE525FDB29F00B7151A /* Build configuration list for PBXNativeTarget "Africa" */;
			buildPhases = (
				91FCAAD225FDB29C00B7151A /* Sources */,
				91FCAAD325FDB29C00B7151A /* Frameworks */,
				91FCAAD425FDB29C00B7151A /* Resources */,
			);
			buildRules = (
			);
			dependencies = (
			);
			name = Africa;
			productName = Africa;
			productReference = 91FCAAD625FDB29C00B7151A /* Africa.app */;
			productType = "com.apple.product-type.application";
		};
/* End PBXNativeTarget section */

/* Begin PBXProject section */
		91FCAACE25FDB29C00B7151A /* Project object */ = {
			isa = PBXProject;
			attributes = {
				LastSwiftUpdateCheck = 1240;
				LastUpgradeCheck = 1240;
				TargetAttributes = {
					91FCAAD525FDB29C00B7151A = {
						CreatedOnToolsVersion = 12.4;
					};
				};
			};
			buildConfigurationList = 91FCAAD125FDB29C00B7151A /* Build configuration list for PBXProject "Africa" */;
			compatibilityVersion = "Xcode 9.3";
			developmentRegion = en;
			hasScannedForEncodings = 0;
			knownRegions = (
				en,
				Base,
			);
			mainGroup = 91FCAACD25FDB29C00B7151A;
			productRefGroup = 91FCAAD725FDB29C00B7151A /* Products */;
			projectDirPath = "";
			projectRoot = "";
			targets = (
				91FCAAD525FDB29C00B7151A /* Africa */,
			);
		};
/* End PBXProject section */

/* Begin PBXResourcesBuildPhase section */
		91FCAAD425FDB29C00B7151A /* Resources */ = {
			isa = PBXResourcesBuildPhase;
			buildActionMask = 2147483647;
			files = (
				91FCAB2A25FE490100B7151A /* ostrich.mp4 in Resources */,
				91FCAB2D25FE490100B7151A /* gorilla.mp4 in Resources */,
				91FCAB2C25FE490100B7151A /* lion.mp4 in Resources */,
				91FCAB2825FE490100B7151A /* hippo.mp4 in Resources */,
				91FCAB3025FE490100B7151A /* zebra.mp4 in Resources */,
				91FCAAE125FDB29F00B7151A /* Preview Assets.xcassets in Resources */,
				91FCAB2925FE490100B7151A /* lioness.mp4 in Resources */,
				91FCAB3925FE497700B7151A /* locations.json in Resources */,
				91FCAB3825FE497700B7151A /* covers.json in Resources */,
				91FCAB3725FE497700B7151A /* animals.json in Resources */,
				91FCAB2F25FE490100B7151A /* giraffe.mp4 in Resources */,
				91FCAADE25FDB29F00B7151A /* Assets.xcassets in Resources */,
				91FCAB2725FE490100B7151A /* elephant.mp4 in Resources */,
				91FCAB3A25FE497700B7151A /* videos.json in Resources */,
				91FCAB2E25FE490100B7151A /* rhino.mp4 in Resources */,
				91FCAB2B25FE490100B7151A /* cheetah.mp4 in Resources */,
			);
			runOnlyForDeploymentPostprocessing = 0;
		};
/* End PBXResourcesBuildPhase section */

/* Begin PBXSourcesBuildPhase section */
		91FCAAD225FDB29C00B7151A /* Sources */ = {
			isa = PBXSourcesBuildPhase;
			buildActionMask = 2147483647;
			files = (
				91FCAADC25FDB29C00B7151A /* ContentView.swift in Sources */,
				91A4EECA25FEC91F00D6E509 /* AnimalListItemView.swift in Sources */,
				91FCAB4825FE4B7A00B7151A /* MainView.swift in Sources */,
				91A4EED925FEDED500D6E509 /* InsetFactView.swift in Sources */,
				91FCAB5025FEA0AE00B7151A /* CoverImageView.swift in Sources */,
				91FCAB5425FEC1AF00B7151A /* CoverImageModel.swift in Sources */,
				91A4EED025FED13500D6E509 /* AnimalDetailView.swift in Sources */,
				91A4EECD25FECBCE00D6E509 /* AnimalModel.swift in Sources */,
				91FCAB4225FE4B3A00B7151A /* MapView.swift in Sources */,
				91A4EEDC25FEE28200D6E509 /* InsetMapView.swift in Sources */,
				91FCAADA25FDB29C00B7151A /* AfricaApp.swift in Sources */,
				91A4EEDF25FEE68E00D6E509 /* ExternalWebLinkView.swift in Sources */,
				91FCAB3E25FE4B1D00B7151A /* VideoListView.swift in Sources */,
				91FCAB4525FE4B5100B7151A /* GalleryView.swift in Sources */,
				91A4EED625FEDAE100D6E509 /* InsetGalleryView.swift in Sources */,
				91FCAB5825FEC30C00B7151A /* CodableBundleExtension.swift in Sources */,
				91A4EED325FED65900D6E509 /* HeadingView.swift in Sources */,
			);
			runOnlyForDeploymentPostprocessing = 0;
		};
/* End PBXSourcesBuildPhase section */

/* Begin XCBuildConfiguration section */
		91FCAAE325FDB29F00B7151A /* Debug */ = {
			isa = XCBuildConfiguration;
			buildSettings = {
				ALWAYS_SEARCH_USER_PATHS = NO;
				CLANG_ANALYZER_NONNULL = YES;
				CLANG_ANALYZER_NUMBER_OBJECT_CONVERSION = YES_AGGRESSIVE;
				CLANG_CXX_LANGUAGE_STANDARD = "gnu++14";
				CLANG_CXX_LIBRARY = "libc++";
				CLANG_ENABLE_MODULES = YES;
				CLANG_ENABLE_OBJC_ARC = YES;
				CLANG_ENABLE_OBJC_WEAK = YES;
				CLANG_WARN_BLOCK_CAPTURE_AUTORELEASING = YES;
				CLANG_WARN_BOOL_CONVERSION = YES;
				CLANG_WARN_COMMA = YES;
				CLANG_WARN_CONSTANT_CONVERSION = YES;
				CLANG_WARN_DEPRECATED_OBJC_IMPLEMENTATIONS = YES;
				CLANG_WARN_DIRECT_OBJC_ISA_USAGE = YES_ERROR;
				CLANG_WARN_DOCUMENTATION_COMMENTS = YES;
				CLANG_WARN_EMPTY_BODY = YES;
				CLANG_WARN_ENUM_CONVERSION = YES;
				CLANG_WARN_INFINITE_RECURSION = YES;
				CLANG_WARN_INT_CONVERSION = YES;
				CLANG_WARN_NON_LITERAL_NULL_CONVERSION = YES;
				CLANG_WARN_OBJC_IMPLICIT_RETAIN_SELF = YES;
				CLANG_WARN_OBJC_LITERAL_CONVERSION = YES;
				CLANG_WARN_OBJC_ROOT_CLASS = YES_ERROR;
				CLANG_WARN_QUOTED_INCLUDE_IN_FRAMEWORK_HEADER = YES;
				CLANG_WARN_RANGE_LOOP_ANALYSIS = YES;
				CLANG_WARN_STRICT_PROTOTYPES = YES;
				CLANG_WARN_SUSPICIOUS_MOVE = YES;
				CLANG_WARN_UNGUARDED_AVAILABILITY = YES_AGGRESSIVE;
				CLANG_WARN_UNREACHABLE_CODE = YES;
				CLANG_WARN__DUPLICATE_METHOD_MATCH = YES;
				COPY_PHASE_STRIP = NO;
				DEBUG_INFORMATION_FORMAT = dwarf;
				ENABLE_STRICT_OBJC_MSGSEND = YES;
				ENABLE_TESTABILITY = YES;
				GCC_C_LANGUAGE_STANDARD = gnu11;
				GCC_DYNAMIC_NO_PIC = NO;
				GCC_NO_COMMON_BLOCKS = YES;
				GCC_OPTIMIZATION_LEVEL = 0;
				GCC_PREPROCESSOR_DEFINITIONS = (
					"DEBUG=1",
					"$(inherited)",
				);
				GCC_WARN_64_TO_32_BIT_CONVERSION = YES;
				GCC_WARN_ABOUT_RETURN_TYPE = YES_ERROR;
				GCC_WARN_UNDECLARED_SELECTOR = YES;
				GCC_WARN_UNINITIALIZED_AUTOS = YES_AGGRESSIVE;
				GCC_WARN_UNUSED_FUNCTION = YES;
				GCC_WARN_UNUSED_VARIABLE = YES;
				IPHONEOS_DEPLOYMENT_TARGET = 14.4;
				MTL_ENABLE_DEBUG_INFO = INCLUDE_SOURCE;
				MTL_FAST_MATH = YES;
				ONLY_ACTIVE_ARCH = YES;
				SDKROOT = iphoneos;
				SWIFT_ACTIVE_COMPILATION_CONDITIONS = DEBUG;
				SWIFT_OPTIMIZATION_LEVEL = "-Onone";
			};
			name = Debug;
		};
		91FCAAE425FDB29F00B7151A /* Release */ = {
			isa = XCBuildConfiguration;
			buildSettings = {
				ALWAYS_SEARCH_USER_PATHS = NO;
				CLANG_ANALYZER_NONNULL = YES;
				CLANG_ANALYZER_NUMBER_OBJECT_CONVERSION = YES_AGGRESSIVE;
				CLANG_CXX_LANGUAGE_STANDARD = "gnu++14";
				CLANG_CXX_LIBRARY = "libc++";
				CLANG_ENABLE_MODULES = YES;
				CLANG_ENABLE_OBJC_ARC = YES;
				CLANG_ENABLE_OBJC_WEAK = YES;
				CLANG_WARN_BLOCK_CAPTURE_AUTORELEASING = YES;
				CLANG_WARN_BOOL_CONVERSION = YES;
				CLANG_WARN_COMMA = YES;
				CLANG_WARN_CONSTANT_CONVERSION = YES;
				CLANG_WARN_DEPRECATED_OBJC_IMPLEMENTATIONS = YES;
				CLANG_WARN_DIRECT_OBJC_ISA_USAGE = YES_ERROR;
				CLANG_WARN_DOCUMENTATION_COMMENTS = YES;
				CLANG_WARN_EMPTY_BODY = YES;
				CLANG_WARN_ENUM_CONVERSION = YES;
				CLANG_WARN_INFINITE_RECURSION = YES;
				CLANG_WARN_INT_CONVERSION = YES;
				CLANG_WARN_NON_LITERAL_NULL_CONVERSION = YES;
				CLANG_WARN_OBJC_IMPLICIT_RETAIN_SELF = YES;
				CLANG_WARN_OBJC_LITERAL_CONVERSION = YES;
				CLANG_WARN_OBJC_ROOT_CLASS = YES_ERROR;
				CLANG_WARN_QUOTED_INCLUDE_IN_FRAMEWORK_HEADER = YES;
				CLANG_WARN_RANGE_LOOP_ANALYSIS = YES;
				CLANG_WARN_STRICT_PROTOTYPES = YES;
				CLANG_WARN_SUSPICIOUS_MOVE = YES;
				CLANG_WARN_UNGUARDED_AVAILABILITY = YES_AGGRESSIVE;
				CLANG_WARN_UNREACHABLE_CODE = YES;
				CLANG_WARN__DUPLICATE_METHOD_MATCH = YES;
				COPY_PHASE_STRIP = NO;
				DEBUG_INFORMATION_FORMAT = "dwarf-with-dsym";
				ENABLE_NS_ASSERTIONS = NO;
				ENABLE_STRICT_OBJC_MSGSEND = YES;
				GCC_C_LANGUAGE_STANDARD = gnu11;
				GCC_NO_COMMON_BLOCKS = YES;
				GCC_WARN_64_TO_32_BIT_CONVERSION = YES;
				GCC_WARN_ABOUT_RETURN_TYPE = YES_ERROR;
				GCC_WARN_UNDECLARED_SELECTOR = YES;
				GCC_WARN_UNINITIALIZED_AUTOS = YES_AGGRESSIVE;
				GCC_WARN_UNUSED_FUNCTION = YES;
				GCC_WARN_UNUSED_VARIABLE = YES;
				IPHONEOS_DEPLOYMENT_TARGET = 14.4;
				MTL_ENABLE_DEBUG_INFO = NO;
				MTL_FAST_MATH = YES;
				SDKROOT = iphoneos;
				SWIFT_COMPILATION_MODE = wholemodule;
				SWIFT_OPTIMIZATION_LEVEL = "-O";
				VALIDATE_PRODUCT = YES;
			};
			name = Release;
		};
		91FCAAE625FDB29F00B7151A /* Debug */ = {
			isa = XCBuildConfiguration;
			buildSettings = {
				ASSETCATALOG_COMPILER_APPICON_NAME = AppIcon;
				ASSETCATALOG_COMPILER_GLOBAL_ACCENT_COLOR_NAME = AccentColor;
				CODE_SIGN_STYLE = Automatic;
				DEVELOPMENT_ASSET_PATHS = "\"Africa/Preview Content\"";
				DEVELOPMENT_TEAM = 7PW6GNYDNK;
				ENABLE_PREVIEWS = YES;
				INFOPLIST_FILE = Africa/Info.plist;
				IPHONEOS_DEPLOYMENT_TARGET = 14.0;
				LD_RUNPATH_SEARCH_PATHS = (
					"$(inherited)",
					"@executable_path/Frameworks",
				);
				PRODUCT_BUNDLE_IDENTIFIER = RagnhildKSteinsland.Africa;
				PRODUCT_NAME = "$(TARGET_NAME)";
				SWIFT_VERSION = 5.0;
				TARGETED_DEVICE_FAMILY = "1,2";
			};
			name = Debug;
		};
		91FCAAE725FDB29F00B7151A /* Release */ = {
			isa = XCBuildConfiguration;
			buildSettings = {
				ASSETCATALOG_COMPILER_APPICON_NAME = AppIcon;
				ASSETCATALOG_COMPILER_GLOBAL_ACCENT_COLOR_NAME = AccentColor;
				CODE_SIGN_STYLE = Automatic;
				DEVELOPMENT_ASSET_PATHS = "\"Africa/Preview Content\"";
				DEVELOPMENT_TEAM = 7PW6GNYDNK;
				ENABLE_PREVIEWS = YES;
				INFOPLIST_FILE = Africa/Info.plist;
				IPHONEOS_DEPLOYMENT_TARGET = 14.0;
				LD_RUNPATH_SEARCH_PATHS = (
					"$(inherited)",
					"@executable_path/Frameworks",
				);
				PRODUCT_BUNDLE_IDENTIFIER = RagnhildKSteinsland.Africa;
				PRODUCT_NAME = "$(TARGET_NAME)";
				SWIFT_VERSION = 5.0;
				TARGETED_DEVICE_FAMILY = "1,2";
			};
			name = Release;
		};
/* End XCBuildConfiguration section */

/* Begin XCConfigurationList section */
		91FCAAD125FDB29C00B7151A /* Build configuration list for PBXProject "Africa" */ = {
			isa = XCConfigurationList;
			buildConfigurations = (
				91FCAAE325FDB29F00B7151A /* Debug */,
				91FCAAE425FDB29F00B7151A /* Release */,
			);
			defaultConfigurationIsVisible = 0;
			defaultConfigurationName = Release;
		};
		91FCAAE525FDB29F00B7151A /* Build configuration list for PBXNativeTarget "Africa" */ = {
			isa = XCConfigurationList;
			buildConfigurations = (
				91FCAAE625FDB29F00B7151A /* Debug */,
				91FCAAE725FDB29F00B7151A /* Release */,
			);
			defaultConfigurationIsVisible = 0;
			defaultConfigurationName = Release;
		};
/* End XCConfigurationList section */
	};
	rootObject = 91FCAACE25FDB29C00B7151A /* Project object */;
}
